
Microsoft Visual Studio Solution File, Format Version 12.00
# Visual Studio Version 17
VisualStudioVersion = 17.4.33213.308
MinimumVisualStudioVersion = 10.0.40219.1
Project("{9A19103F-16F7-4668-BE54-9A1E7A4F7556}") = "ProbabilityX_API", "ProbabilityX_API.csproj", "{51AC666D-570A-41BA-BA45-79A6A5944313}"
EndProject
Project("{9A19103F-16F7-4668-BE54-9A1E7A4F7556}") = "01_Configurations", "..\01_Configurations\01_Configurations.csproj", "{E856843E-C7B3-4DAB-8ECA-80F5FEF0C465}"
EndProject
Project("{9A19103F-16F7-4668-BE54-9A1E7A4F7556}") = "02_Models", "..\02_Models\02_Models.csproj", "{C93748A3-635E-49D9-A42D-559032AA0F67}"
EndProject
Project("{9A19103F-16F7-4668-BE54-9A1E7A4F7556}") = "03_Dtos", "..\03_Dtos\03_Dtos.csproj", "{F78C4BE3-B798-4751-A494-6D6D92896B4D}"
EndProject
Project("{9A19103F-16F7-4668-BE54-9A1E7A4F7556}") = "04_IServices", "..\04_IServices\04_IServices.csproj", "{F03D894B-071A-4994-A7B1-FCE7CE393263}"
EndProject
Project("{9A19103F-16F7-4668-BE54-9A1E7A4F7556}") = "05_Services", "..\05_Services\05_Services.csproj", "{404A058B-BD91-41B1-8B5F-C986AC3BAE73}"
EndProject
Project("{9A19103F-16F7-4668-BE54-9A1E7A4F7556}") = "06_HostedServices", "..\06_HostedServices\06_HostedServices.csproj", "{823D4B1D-7A44-47FF-B668-7E4DC14F1427}"
EndProject
Project("{9A19103F-16F7-4668-BE54-9A1E7A4F7556}") = "07_IRepositories", "..\07_IRepositories\07_IRepositories.csproj", "{5EE9C1BB-72E4-4B3E-ADA8-E735DFE5CD3F}"
EndProject
Project("{9A19103F-16F7-4668-BE54-9A1E7A4F7556}") = "08_Repositories", "..\08_Repositories\08_Repositories.csproj", "{54BAFE5F-66AC-49C7-A8E0-3AAF340D6D2A}"
EndProject
Project("{9A19103F-16F7-4668-BE54-9A1E7A4F7556}") = "09_Settings", "..\09_Settings\09_Settings.csproj", "{10441EAF-AFDF-424D-BE2B-42B28BBB1213}"
EndProject
Project("{9A19103F-16F7-4668-BE54-9A1E7A4F7556}") = "ProbabilityX_DataFetcher", "..\ProbabilityX_DataFetcher\ProbabilityX_DataFetcher.csproj", "{C913549B-AFB4-4DF2-8E3A-F1D984373190}"
EndProject
Project("{FAE04EC0-301F-11D3-BF4B-00C04F79EFBC}") = "10_DIConfiguration", "..\10_DIConfiguration\10_DIConfiguration.csproj", "{7E3CB902-C026-41DD-9DA8-03DD2752E0B9}"
EndProject
Global
	GlobalSection(SolutionConfigurationPlatforms) = preSolution
		Debug|Any CPU = Debug|Any CPU
		Release|Any CPU = Release|Any CPU
	EndGlobalSection
	GlobalSection(ProjectConfigurationPlatforms) = postSolution
		{51AC666D-570A-41BA-BA45-79A6A5944313}.Debug|Any CPU.ActiveCfg = Debug|Any CPU
		{51AC666D-570A-41BA-BA45-79A6A5944313}.Debug|Any CPU.Build.0 = Debug|Any CPU
		{51AC666D-570A-41BA-BA45-79A6A5944313}.Release|Any CPU.ActiveCfg = Release|Any CPU
		{51AC666D-570A-41BA-BA45-79A6A5944313}.Release|Any CPU.Build.0 = Release|Any CPU
		{E856843E-C7B3-4DAB-8ECA-80F5FEF0C465}.Debug|Any CPU.ActiveCfg = Debug|Any CPU
		{E856843E-C7B3-4DAB-8ECA-80F5FEF0C465}.Debug|Any CPU.Build.0 = Debug|Any CPU
		{E856843E-C7B3-4DAB-8ECA-80F5FEF0C465}.Release|Any CPU.ActiveCfg = Release|Any CPU
		{E856843E-C7B3-4DAB-8ECA-80F5FEF0C465}.Release|Any CPU.Build.0 = Release|Any CPU
		{C93748A3-635E-49D9-A42D-559032AA0F67}.Debug|Any CPU.ActiveCfg = Debug|Any CPU
		{C93748A3-635E-49D9-A42D-559032AA0F67}.Debug|Any CPU.Build.0 = Debug|Any CPU
		{C93748A3-635E-49D9-A42D-559032AA0F67}.Release|Any CPU.ActiveCfg = Release|Any CPU
		{C93748A3-635E-49D9-A42D-559032AA0F67}.Release|Any CPU.Build.0 = Release|Any CPU
		{F78C4BE3-B798-4751-A494-6D6D92896B4D}.Debug|Any CPU.ActiveCfg = Debug|Any CPU
		{F78C4BE3-B798-4751-A494-6D6D92896B4D}.Debug|Any CPU.Build.0 = Debug|Any CPU
		{F78C4BE3-B798-4751-A494-6D6D92896B4D}.Release|Any CPU.ActiveCfg = Release|Any CPU
		{F78C4BE3-B798-4751-A494-6D6D92896B4D}.Release|Any CPU.Build.0 = Release|Any CPU
		{F03D894B-071A-4994-A7B1-FCE7CE393263}.Debug|Any CPU.ActiveCfg = Debug|Any CPU
		{F03D894B-071A-4994-A7B1-FCE7CE393263}.Debug|Any CPU.Build.0 = Debug|Any CPU
		{F03D894B-071A-4994-A7B1-FCE7CE393263}.Release|Any CPU.ActiveCfg = Release|Any CPU
		{F03D894B-071A-4994-A7B1-FCE7CE393263}.Release|Any CPU.Build.0 = Release|Any CPU
		{404A058B-BD91-41B1-8B5F-C986AC3BAE73}.Debug|Any CPU.ActiveCfg = Debug|Any CPU
		{404A058B-BD91-41B1-8B5F-C986AC3BAE73}.Debug|Any CPU.Build.0 = Debug|Any CPU
		{404A058B-BD91-41B1-8B5F-C986AC3BAE73}.Release|Any CPU.ActiveCfg = Release|Any CPU
		{404A058B-BD91-41B1-8B5F-C986AC3BAE73}.Release|Any CPU.Build.0 = Release|Any CPU
		{823D4B1D-7A44-47FF-B668-7E4DC14F1427}.Debug|Any CPU.ActiveCfg = Debug|Any CPU
		{823D4B1D-7A44-47FF-B668-7E4DC14F1427}.Debug|Any CPU.Build.0 = Debug|Any CPU
		{823D4B1D-7A44-47FF-B668-7E4DC14F1427}.Release|Any CPU.ActiveCfg = Release|Any CPU
		{823D4B1D-7A44-47FF-B668-7E4DC14F1427}.Release|Any CPU.Build.0 = Release|Any CPU
		{5EE9C1BB-72E4-4B3E-ADA8-E735DFE5CD3F}.Debug|Any CPU.ActiveCfg = Debug|Any CPU
		{5EE9C1BB-72E4-4B3E-ADA8-E735DFE5CD3F}.Debug|Any CPU.Build.0 = Debug|Any CPU
		{5EE9C1BB-72E4-4B3E-ADA8-E735DFE5CD3F}.Release|Any CPU.ActiveCfg = Release|Any CPU
		{5EE9C1BB-72E4-4B3E-ADA8-E735DFE5CD3F}.Release|Any CPU.Build.0 = Release|Any CPU
		{54BAFE5F-66AC-49C7-A8E0-3AAF340D6D2A}.Debug|Any CPU.ActiveCfg = Debug|Any CPU
		{54BAFE5F-66AC-49C7-A8E0-3AAF340D6D2A}.Debug|Any CPU.Build.0 = Debug|Any CPU
		{54BAFE5F-66AC-49C7-A8E0-3AAF340D6D2A}.Release|Any CPU.ActiveCfg = Release|Any CPU
		{54BAFE5F-66AC-49C7-A8E0-3AAF340D6D2A}.Release|Any CPU.Build.0 = Release|Any CPU
		{10441EAF-AFDF-424D-BE2B-42B28BBB1213}.Debug|Any CPU.ActiveCfg = Debug|Any CPU
		{10441EAF-AFDF-424D-BE2B-42B28BBB1213}.Debug|Any CPU.Build.0 = Debug|Any CPU
		{10441EAF-AFDF-424D-BE2B-42B28BBB1213}.Release|Any CPU.ActiveCfg = Release|Any CPU
		{10441EAF-AFDF-424D-BE2B-42B28BBB1213}.Release|Any CPU.Build.0 = Release|Any CPU
		{C913549B-AFB4-4DF2-8E3A-F1D984373190}.Debug|Any CPU.ActiveCfg = Debug|Any CPU
		{C913549B-AFB4-4DF2-8E3A-F1D984373190}.Debug|Any CPU.Build.0 = Debug|Any CPU
		{C913549B-AFB4-4DF2-8E3A-F1D984373190}.Release|Any CPU.ActiveCfg = Release|Any CPU
		{C913549B-AFB4-4DF2-8E3A-F1D984373190}.Release|Any CPU.Build.0 = Release|Any CPU
		{7E3CB902-C026-41DD-9DA8-03DD2752E0B9}.Debug|Any CPU.ActiveCfg = Debug|Any CPU
		{7E3CB902-C026-41DD-9DA8-03DD2752E0B9}.Debug|Any CPU.Build.0 = Debug|Any CPU
		{7E3CB902-C026-41DD-9DA8-03DD2752E0B9}.Release|Any CPU.ActiveCfg = Release|Any CPU
		{7E3CB902-C026-41DD-9DA8-03DD2752E0B9}.Release|Any CPU.Build.0 = Release|Any CPU
	EndGlobalSection
	GlobalSection(SolutionProperties) = preSolution
		HideSolutionNode = FALSE
	EndGlobalSection
	GlobalSection(ExtensibilityGlobals) = postSolution
		SolutionGuid = {2C592690-0649-4FCB-816E-39C56E86E8C5}
	EndGlobalSection
EndGlobal
